
Microsoft Visual Studio Solution File, Format Version 12.00
# Visual Studio 15
Project("{FAE04EC0-301F-11D3-BF4B-00C04F79EFBC}") = "Assembly-CSharp", "Assembly-CSharp.csproj", "{386D6A09-C0A5-96A5-35B1-3D41B327AF01}"
EndProject
Project("{FAE04EC0-301F-11D3-BF4B-00C04F79EFBC}") = "Unity.XR.Interaction.Toolkit.Samples.DeviceSimulator", "Unity.XR.Interaction.Toolkit.Samples.DeviceSimulator.csproj", "{3DDB7E18-319D-6F05-A6E4-1C920FE298F8}"
EndProject
Project("{FAE04EC0-301F-11D3-BF4B-00C04F79EFBC}") = "Unity.XR.Interaction.Toolkit.Samples.StarterAssets", "Unity.XR.Interaction.Toolkit.Samples.StarterAssets.csproj", "{DF52E896-5FCF-894F-6A82-3C05022CCAA6}"
EndProject
Project("{FAE04EC0-301F-11D3-BF4B-00C04F79EFBC}") = "Unity.XR.Interaction.Toolkit.Samples.StarterAssets.Editor", "Unity.XR.Interaction.Toolkit.Samples.StarterAssets.Editor.csproj", "{39A07F29-5D46-091F-0BCE-DA583FBD85C8}"
EndProject
Global
	GlobalSection(SolutionConfigurationPlatforms) = preSolution
		Debug|Any CPU = Debug|Any CPU
		Release|Any CPU = Release|Any CPU
	EndGlobalSection
	GlobalSection(ProjectConfigurationPlatforms) = postSolution
		{386D6A09-C0A5-96A5-35B1-3D41B327AF01}.Debug|Any CPU.ActiveCfg = Debug|Any CPU
		{386D6A09-C0A5-96A5-35B1-3D41B327AF01}.Debug|Any CPU.Build.0 = Debug|Any CPU
		{386D6A09-C0A5-96A5-35B1-3D41B327AF01}.Release|Any CPU.ActiveCfg = Release|Any CPU
		{386D6A09-C0A5-96A5-35B1-3D41B327AF01}.Release|Any CPU.Build.0 = Release|Any CPU
		{3DDB7E18-319D-6F05-A6E4-1C920FE298F8}.Debug|Any CPU.ActiveCfg = Debug|Any CPU
		{3DDB7E18-319D-6F05-A6E4-1C920FE298F8}.Debug|Any CPU.Build.0 = Debug|Any CPU
		{3DDB7E18-319D-6F05-A6E4-1C920FE298F8}.Release|Any CPU.ActiveCfg = Release|Any CPU
		{3DDB7E18-319D-6F05-A6E4-1C920FE298F8}.Release|Any CPU.Build.0 = Release|Any CPU
		{DF52E896-5FCF-894F-6A82-3C05022CCAA6}.Debug|Any CPU.ActiveCfg = Debug|Any CPU
		{DF52E896-5FCF-894F-6A82-3C05022CCAA6}.Debug|Any CPU.Build.0 = Debug|Any CPU
		{DF52E896-5FCF-894F-6A82-3C05022CCAA6}.Release|Any CPU.ActiveCfg = Release|Any CPU
		{DF52E896-5FCF-894F-6A82-3C05022CCAA6}.Release|Any CPU.Build.0 = Release|Any CPU
		{39A07F29-5D46-091F-0BCE-DA583FBD85C8}.Debug|Any CPU.ActiveCfg = Debug|Any CPU
		{39A07F29-5D46-091F-0BCE-DA583FBD85C8}.Debug|Any CPU.Build.0 = Debug|Any CPU
		{39A07F29-5D46-091F-0BCE-DA583FBD85C8}.Release|Any CPU.ActiveCfg = Release|Any CPU
		{39A07F29-5D46-091F-0BCE-DA583FBD85C8}.Release|Any CPU.Build.0 = Release|Any CPU
	EndGlobalSection
	GlobalSection(SolutionProperties) = preSolution
		HideSolutionNode = FALSE
	EndGlobalSection
EndGlobal
